hash: 1f0dd761c9ec8d0741bfecde81f7b03137f106ea5df7391ea318d03280e2052d
updated: 2016-12-12T13:06:06.406203144-08:00
imports:
- name: github.com/coreos/go-log
  version: cd6a8de3fa081c0726d58f6c403738411cffd0b2
  subpackages:
  - log
- name: github.com/coreos/go-systemd
  version: 7c9533367ef925dc1078d75e5b7141e10da2c4e8
  subpackages:
  - journal
- name: github.com/fluffle/goirc
  version: 64ad58533df555ea5e1f89db2a401e021df8dea0
  subpackages:
  - client
  - logging
  - state
- name: github.com/golang/mock
  version: bd3c8e81be01eef76d4b503f5e687d2d1354d2d9
  subpackages:
  - gomock
- name: github.com/kardianos/osext
  version: c2c54e542fb797ad986b31721e1baedf214ca413
- name: github.com/pelletier/go-buffruneio
  version: df1e16fde7fc330a0ca68167c23bf7ed6ac31d6d
- name: github.com/pelletier/go-toml
  version: ce7be745f09fe4ff89af8e3ea744e1deabf20ee3
- name: github.com/stvp/go-toml-config
  version: 52b9a2286ff3ab44ed986e69c350fa7156e1baeb
- name: golang.org/x/net
  version: b1a2d6e8c8b5fc8f601ead62536f02a8e1b6217d
  subpackages:
  - proxy
testImports: []
